// !$*UTF8*$!
{
	archiveVersion = 1;
	classes = {
	};
	objectVersion = 46;
	objects = {

/* Begin PBXBuildFile section */
		C9F1089D1D3AD15100FA922D /* main.m in Sources */ = {isa = PBXBuildFile; fileRef = C9F1089C1D3AD15100FA922D /* main.m */; };
		C9F108A01D3AD15100FA922D /* AppDelegate.m in Sources */ = {isa = PBXBuildFile; fileRef = C9F1089F1D3AD15100FA922D /* AppDelegate.m */; };
		C9F108A61D3AD15100FA922D /* Main.storyboard in Resources */ = {isa = PBXBuildFile; fileRef = C9F108A41D3AD15100FA922D /* Main.storyboard */; };
		C9F108A81D3AD15100FA922D /* Assets.xcassets in Resources */ = {isa = PBXBuildFile; fileRef = C9F108A71D3AD15100FA922D /* Assets.xcassets */; };
		C9F108AB1D3AD15100FA922D /* LaunchScreen.storyboard in Resources */ = {isa = PBXBuildFile; fileRef = C9F108A91D3AD15100FA922D /* LaunchScreen.storyboard */; };
		C9F108B41D3AD17F00FA922D /* Planet.m in Sources */ = {isa = PBXBuildFile; fileRef = C9F108B31D3AD17F00FA922D /* Planet.m */; };
		C9F108B71D3AD43300FA922D /* PlanetListTableViewController.m in Sources */ = {isa = PBXBuildFile; fileRef = C9F108B61D3AD43300FA922D /* PlanetListTableViewController.m */; };
		C9F108BA1D3ADA6700FA922D /* PlanetInformationViewController.m in Sources */ = {isa = PBXBuildFile; fileRef = C9F108B91D3ADA6700FA922D /* PlanetInformationViewController.m */; };
/* End PBXBuildFile section */

/* Begin PBXFileReference section */
		C9F108981D3AD15100FA922D /* PlanetTrack.app */ = {isa = PBXFileReference; explicitFileType = wrapper.application; includeInIndex = 0; path = PlanetTrack.app; sourceTree = BUILT_PRODUCTS_DIR; };
		C9F1089C1D3AD15100FA922D /* main.m */ = {isa = PBXFileReference; lastKnownFileType = sourcecode.c.objc; path = main.m; sourceTree = "<group>"; };
		C9F1089E1D3AD15100FA922D /* AppDelegate.h */ = {isa = PBXFileReference; lastKnownFileType = sourcecode.c.h; path = AppDelegate.h; sourceTree = "<group>"; };
		C9F1089F1D3AD15100FA922D /* AppDelegate.m */ = {isa = PBXFileReference; lastKnownFileType = sourcecode.c.objc; path = AppDelegate.m; sourceTree = "<group>"; };
		C9F108A51D3AD15100FA922D /* Base */ = {isa = PBXFileReference; lastKnownFileType = file.storyboard; name = Base; path = Base.lproj/Main.storyboard; sourceTree = "<group>"; };
		C9F108A71D3AD15100FA922D /* Assets.xcassets */ = {isa = PBXFileReference; lastKnownFileType = folder.assetcatalog; path = Assets.xcassets; sourceTree = "<group>"; };
		C9F108AA1D3AD15100FA922D /* Base */ = {isa = PBXFileReference; lastKnownFileType = file.storyboard; name = Base; path = Base.lproj/LaunchScreen.storyboard; sourceTree = "<group>"; };
		C9F108AC1D3AD15100FA922D /* Info.plist */ = {isa = PBXFileReference; lastKnownFileType = text.plist.xml; path = Info.plist; sourceTree = "<group>"; };
		C9F108B21D3AD17F00FA922D /* Planet.h */ = {isa = PBXFileReference; fileEncoding = 4; lastKnownFileType = sourcecode.c.h; path = Planet.h; sourceTree = "<group>"; };
		C9F108B31D3AD17F00FA922D /* Planet.m */ = {isa = PBXFileReference; fileEncoding = 4; lastKnownFileType = sourcecode.c.objc; path = Planet.m; sourceTree = "<group>"; };
		C9F108B51D3AD43300FA922D /* PlanetListTableViewController.h */ = {isa = PBXFileReference; fileEncoding = 4; lastKnownFileType = sourcecode.c.h; path = PlanetListTableViewController.h; sourceTree = "<group>"; };
		C9F108B61D3AD43300FA922D /* PlanetListTableViewController.m */ = {isa = PBXFileReference; fileEncoding = 4; lastKnownFileType = sourcecode.c.objc; path = PlanetListTableViewController.m; sourceTree = "<group>"; };
		C9F108B81D3ADA6700FA922D /* PlanetInformationViewController.h */ = {isa = PBXFileReference; fileEncoding = 4; lastKnownFileType = sourcecode.c.h; path = PlanetInformationViewController.h; sourceTree = "<group>"; };
		C9F108B91D3ADA6700FA922D /* PlanetInformationViewController.m */ = {isa = PBXFileReference; fileEncoding = 4; lastKnownFileType = sourcecode.c.objc; path = PlanetInformationViewController.m; sourceTree = "<group>"; };
/* End PBXFileReference section */

/* Begin PBXFrameworksBuildPhase section */
		C9F108951D3AD15100FA922D /* Frameworks */ = {
			isa = PBXFrameworksBuildPhase;
			buildActionMask = 2147483647;
			files = (
			);
			runOnlyForDeploymentPostprocessing = 0;
		};
/* End PBXFrameworksBuildPhase section */

/* Begin PBXGroup section */
		C9F1088F1D3AD15100FA922D = {
			isa = PBXGroup;
			children = (
				C9F1089A1D3AD15100FA922D /* PlanetTrack */,
				C9F108991D3AD15100FA922D /* Products */,
			);
			sourceTree = "<group>";
		};
		C9F108991D3AD15100FA922D /* Products */ = {
			isa = PBXGroup;
			children = (
				C9F108981D3AD15100FA922D /* PlanetTrack.app */,
			);
			name = Products;
			sourceTree = "<group>";
		};
		C9F1089A1D3AD15100FA922D /* PlanetTrack */ = {
			isa = PBXGroup;
			children = (
				C9F1089E1D3AD15100FA922D /* AppDelegate.h */,
				C9F1089F1D3AD15100FA922D /* AppDelegate.m */,
				C9F108A41D3AD15100FA922D /* Main.storyboard */,
				C9F108A71D3AD15100FA922D /* Assets.xcassets */,
				C9F108A91D3AD15100FA922D /* LaunchScreen.storyboard */,
				C9F108AC1D3AD15100FA922D /* Info.plist */,
				C9F1089B1D3AD15100FA922D /* Supporting Files */,
				C9F108B21D3AD17F00FA922D /* Planet.h */,
				C9F108B31D3AD17F00FA922D /* Planet.m */,
				C9F108B51D3AD43300FA922D /* PlanetListTableViewController.h */,
				C9F108B61D3AD43300FA922D /* PlanetListTableViewController.m */,
				C9F108B81D3ADA6700FA922D /* PlanetInformationViewController.h */,
				C9F108B91D3ADA6700FA922D /* PlanetInformationViewController.m */,
			);
			path = PlanetTrack;
			sourceTree = "<group>";
		};
		C9F1089B1D3AD15100FA922D /* Supporting Files */ = {
			isa = PBXGroup;
			children = (
				C9F1089C1D3AD15100FA922D /* main.m */,
			);
			name = "Supporting Files";
			sourceTree = "<group>";
		};
/* End PBXGroup section */

/* Begin PBXNativeTarget section */
		C9F108971D3AD15100FA922D /* PlanetTrack */ = {
			isa = PBXNativeTarget;
			buildConfigurationList = C9F108AF1D3AD15100FA922D /* Build configuration list for PBXNativeTarget "PlanetTrack" */;
			buildPhases = (
				C9F108941D3AD15100FA922D /* Sources */,
				C9F108951D3AD15100FA922D /* Frameworks */,
				C9F108961D3AD15100FA922D /* Resources */,
			);
			buildRules = (
			);
			dependencies = (
			);
			name = PlanetTrack;
			productName = PlanetTrack;
			productReference = C9F108981D3AD15100FA922D /* PlanetTrack.app */;
			productType = "com.apple.product-type.application";
		};
/* End PBXNativeTarget section */

/* Begin PBXProject section */
		C9F108901D3AD15100FA922D /* Project object */ = {
			isa = PBXProject;
			attributes = {
				LastUpgradeCheck = 0730;
				ORGANIZATIONNAME = "Matt Milner";
				TargetAttributes = {
					C9F108971D3AD15100FA922D = {
						CreatedOnToolsVersion = 7.3.1;
					};
				};
			};
			buildConfigurationList = C9F108931D3AD15100FA922D /* Build configuration list for PBXProject "PlanetTrack" */;
			compatibilityVersion = "Xcode 3.2";
			developmentRegion = English;
			hasScannedForEncodings = 0;
			knownRegions = (
				en,
				Base,
			);
			mainGroup = C9F1088F1D3AD15100FA922D;
			productRefGroup = C9F108991D3AD15100FA922D /* Products */;
			projectDirPath = "";
			projectRoot = "";
			targets = (
				C9F108971D3AD15100FA922D /* PlanetTrack */,
			);
		};
/* End PBXProject section */

/* Begin PBXResourcesBuildPhase section */
		C9F108961D3AD15100FA922D /* Resources */ = {
			isa = PBXResourcesBuildPhase;
			buildActionMask = 2147483647;
			files = (
				C9F108AB1D3AD15100FA922D /* LaunchScreen.storyboard in Resources */,
				C9F108A81D3AD15100FA922D /* Assets.xcassets in Resources */,
				C9F108A61D3AD15100FA922D /* Main.storyboard in Resources */,
			);
			runOnlyForDeploymentPostprocessing = 0;
		};
/* End PBXResourcesBuildPhase section */

/* Begin PBXSourcesBuildPhase section */
		C9F108941D3AD15100FA922D /* Sources */ = {
			isa = PBXSourcesBuildPhase;
			buildActionMask = 2147483647;
			files = (
				C9F108BA1D3ADA6700FA922D /* PlanetInformationViewController.m in Sources */,
				C9F108A01D3AD15100FA922D /* AppDelegate.m in Sources */,
				C9F108B71D3AD43300FA922D /* PlanetListTableViewController.m in Sources */,
				C9F1089D1D3AD15100FA922D /* main.m in Sources */,
				C9F108B41D3AD17F00FA922D /* Planet.m in Sources */,
			);
			runOnlyForDeploymentPostprocessing = 0;
		};
/* End PBXSourcesBuildPhase section */

/* Begin PBXVariantGroup section */
		C9F108A41D3AD15100FA922D /* Main.storyboard */ = {
			isa = PBXVariantGroup;
			children = (
				C9F108A51D3AD15100FA922D /* Base */,
			);
			name = Main.storyboard;
			sourceTree = "<group>";
		};
		C9F108A91D3AD15100FA922D /* LaunchScreen.storyboard */ = {
			isa = PBXVariantGroup;
			children = (
				C9F108AA1D3AD15100FA922D /* Base */,
			);
			name = LaunchScreen.storyboard;
			sourceTree = "<group>";
		};
/* End PBXVariantGroup section */

/* Begin XCBuildConfiguration section */
		C9F108AD1D3AD15100FA922D /* Debug */ = {
			isa = XCBuildConfiguration;
			buildSettings = {
				ALWAYS_SEARCH_USER_PATHS = NO;
				CLANG_ANALYZER_NONNULL = YES;
				CLANG_CXX_LANGUAGE_STANDARD = "gnu++0x";
				CLANG_CXX_LIBRARY = "libc++";
				CLANG_ENABLE_MODULES = YES;
				CLANG_ENABLE_OBJC_ARC = YES;
				CLANG_WARN_BOOL_CONVERSION = YES;
				CLANG_WARN_CONSTANT_CONVERSION = YES;
				CLANG_WARN_DIRECT_OBJC_ISA_USAGE = YES_ERROR;
				CLANG_WARN_EMPTY_BODY = YES;
				CLANG_WARN_ENUM_CONVERSION = YES;
				CLANG_WARN_INT_CONVERSION = YES;
				CLANG_WARN_OBJC_ROOT_CLASS = YES_ERROR;
				CLANG_WARN_UNREACHABLE_CODE = YES;
				CLANG_WARN__DUPLICATE_METHOD_MATCH = YES;
				"CODE_SIGN_IDENTITY[sdk=iphoneos*]" = "iPhone Developer";
				COPY_PHASE_STRIP = NO;
				DEBUG_INFORMATION_FORMAT = dwarf;
				ENABLE_STRICT_OBJC_MSGSEND = YES;
				ENABLE_TESTABILITY = YES;
				GCC_C_LANGUAGE_STANDARD = gnu99;
				GCC_DYNAMIC_NO_PIC = NO;
				GCC_NO_COMMON_BLOCKS = YES;
				GCC_OPTIMIZATION_LEVEL = 0;
				GCC_PREPROCESSOR_DEFINITIONS = (
					"DEBUG=1",
					"$(inherited)",
				);
				GCC_WARN_64_TO_32_BIT_CONVERSION = YES;
				GCC_WARN_ABOUT_RETURN_TYPE = YES_ERROR;
				GCC_WARN_UNDECLARED_SELECTOR = YES;
				GCC_WARN_UNINITIALIZED_AUTOS = YES_AGGRESSIVE;
				GCC_WARN_UNUSED_FUNCTION = YES;
				GCC_WARN_UNUSED_VARIABLE = YES;
				IPHONEOS_DEPLOYMENT_TARGET = 9.3;
				MTL_ENABLE_DEBUG_INFO = YES;
				ONLY_ACTIVE_ARCH = YES;
				SDKROOT = iphoneos;
				TARGETED_DEVICE_FAMILY = "1,2";
			};
			name = Debug;
		};
		C9F108AE1D3AD15100FA922D /* Release */ = {
			isa = XCBuildConfiguration;
			buildSettings = {
				ALWAYS_SEARCH_USER_PATHS = NO;
				CLANG_ANALYZER_NONNULL = YES;
				CLANG_CXX_LANGUAGE_STANDARD = "gnu++0x";
				CLANG_CXX_LIBRARY = "libc++";
				CLANG_ENABLE_MODULES = YES;
				CLANG_ENABLE_OBJC_ARC = YES;
				CLANG_WARN_BOOL_CONVERSION = YES;
				CLANG_WARN_CONSTANT_CONVERSION = YES;
				CLANG_WARN_DIRECT_OBJC_ISA_USAGE = YES_ERROR;
				CLANG_WARN_EMPTY_BODY = YES;
				CLANG_WARN_ENUM_CONVERSION = YES;
				CLANG_WARN_INT_CONVERSION = YES;
				CLANG_WARN_OBJC_ROOT_CLASS = YES_ERROR;
				CLANG_WARN_UNREACHABLE_CODE = YES;
				CLANG_WARN__DUPLICATE_METHOD_MATCH = YES;
				"CODE_SIGN_IDENTITY[sdk=iphoneos*]" = "iPhone Developer";
				COPY_PHASE_STRIP = NO;
				DEBUG_INFORMATION_FORMAT = "dwarf-with-dsym";
				ENABLE_NS_ASSERTIONS = NO;
				ENABLE_STRICT_OBJC_MSGSEND = YES;
				GCC_C_LANGUAGE_STANDARD = gnu99;
				GCC_NO_COMMON_BLOCKS = YES;
				GCC_WARN_64_TO_32_BIT_CONVERSION = YES;
				GCC_WARN_ABOUT_RETURN_TYPE = YES_ERROR;
				GCC_WARN_UNDECLARED_SELECTOR = YES;
				GCC_WARN_UNINITIALIZED_AUTOS = YES_AGGRESSIVE;
				GCC_WARN_UNUSED_FUNCTION = YES;
				GCC_WARN_UNUSED_VARIABLE = YES;
				IPHONEOS_DEPLOYMENT_TARGET = 9.3;
				MTL_ENABLE_DEBUG_INFO = NO;
				SDKROOT = iphoneos;
				TARGETED_DEVICE_FAMILY = "1,2";
				VALIDATE_PRODUCT = YES;
			};
			name = Release;
		};
		C9F108B01D3AD15100FA922D /* Debug */ = {
			isa = XCBuildConfiguration;
			buildSettings = {
				ASSETCATALOG_COMPILER_APPICON_NAME = AppIcon;
				INFOPLIST_FILE = PlanetTrack/Info.plist;
				LD_RUNPATH_SEARCH_PATHS = "$(inherited) @executable_path/Frameworks";
				PRODUCT_BUNDLE_IDENTIFIER = com.theironyard.houston.PlanetTrack;
				PRODUCT_NAME = "$(TARGET_NAME)";
			};
			name = Debug;
		};
		C9F108B11D3AD15100FA922D /* Release */ = {
			isa = XCBuildConfiguration;
			buildSettings = {
				ASSETCATALOG_COMPILER_APPICON_NAME = AppIcon;
				INFOPLIST_FILE = PlanetTrack/Info.plist;
				LD_RUNPATH_SEARCH_PATHS = "$(inherited) @executable_path/Frameworks";
				PRODUCT_BUNDLE_IDENTIFIER = com.theironyard.houston.PlanetTrack;
				PRODUCT_NAME = "$(TARGET_NAME)";
			};
			name = Release;
		};
/* End XCBuildConfiguration section */

/* Begin XCConfigurationList section */
		C9F108931D3AD15100FA922D /* Build configuration list for PBXProject "PlanetTrack" */ = {
			isa = XCConfigurationList;
			buildConfigurations = (
				C9F108AD1D3AD15100FA922D /* Debug */,
				C9F108AE1D3AD15100FA922D /* Release */,
			);
			defaultConfigurationIsVisible = 0;
			defaultConfigurationName = Release;
		};
		C9F108AF1D3AD15100FA922D /* Build configuration list for PBXNativeTarget "PlanetTrack" */ = {
			isa = XCConfigurationList;
			buildConfigurations = (
				C9F108B01D3AD15100FA922D /* Debug */,
				C9F108B11D3AD15100FA922D /* Release */,
			);
			defaultConfigurationIsVisible = 0;
		};
/* End XCConfigurationList section */
	};
	rootObject = C9F108901D3AD15100FA922D /* Project object */;
}
